// !$*UTF8*$!
{
	archiveVersion = 1;
	classes = {
	};
	objectVersion = 56;
	objects = {

/* Begin PBXBuildFile section */
		09B66EE02C21716C0070BF4A /* NC2_RinZeroApp.swift in Sources */ = {isa = PBXBuildFile; fileRef = 09B66EDF2C21716C0070BF4A /* NC2_RinZeroApp.swift */; };
		09B66EE22C21716C0070BF4A /* ContentView.swift in Sources */ = {isa = PBXBuildFile; fileRef = 09B66EE12C21716C0070BF4A /* ContentView.swift */; };
		09B66EE42C21716D0070BF4A /* Assets.xcassets in Resources */ = {isa = PBXBuildFile; fileRef = 09B66EE32C21716D0070BF4A /* Assets.xcassets */; };
		09B66EE72C21716D0070BF4A /* Preview Assets.xcassets in Resources */ = {isa = PBXBuildFile; fileRef = 09B66EE62C21716D0070BF4A /* Preview Assets.xcassets */; };
		09B66EF52C2175B90070BF4A /* Color.swift in Sources */ = {isa = PBXBuildFile; fileRef = 09B66EF42C2175B90070BF4A /* Color.swift */; };
/* End PBXBuildFile section */

/* Begin PBXFileReference section */
		09B66EDC2C21716C0070BF4A /* NC2-RinZero Watch App.app */ = {isa = PBXFileReference; explicitFileType = wrapper.application; includeInIndex = 0; path = "NC2-RinZero Watch App.app"; sourceTree = BUILT_PRODUCTS_DIR; };
		09B66EDF2C21716C0070BF4A /* NC2_RinZeroApp.swift */ = {isa = PBXFileReference; lastKnownFileType = sourcecode.swift; path = NC2_RinZeroApp.swift; sourceTree = "<group>"; };
		09B66EE12C21716C0070BF4A /* ContentView.swift */ = {isa = PBXFileReference; lastKnownFileType = sourcecode.swift; path = ContentView.swift; sourceTree = "<group>"; };
		09B66EE32C21716D0070BF4A /* Assets.xcassets */ = {isa = PBXFileReference; lastKnownFileType = folder.assetcatalog; path = Assets.xcassets; sourceTree = "<group>"; };
		09B66EE62C21716D0070BF4A /* Preview Assets.xcassets */ = {isa = PBXFileReference; lastKnownFileType = folder.assetcatalog; path = "Preview Assets.xcassets"; sourceTree = "<group>"; };
		09B66EF42C2175B90070BF4A /* Color.swift */ = {isa = PBXFileReference; lastKnownFileType = sourcecode.swift; path = Color.swift; sourceTree = "<group>"; };
/* End PBXFileReference section */

/* Begin PBXFrameworksBuildPhase section */
		09B66ED92C21716C0070BF4A /* Frameworks */ = {
			isa = PBXFrameworksBuildPhase;
			buildActionMask = 2147483647;
			files = (
			);
			runOnlyForDeploymentPostprocessing = 0;
		};
/* End PBXFrameworksBuildPhase section */

/* Begin PBXGroup section */
		09B66ED32C21716B0070BF4A = {
			isa = PBXGroup;
			children = (
				09B66EDE2C21716C0070BF4A /* NC2-RinZero Watch App */,
				09B66EDD2C21716C0070BF4A /* Products */,
			);
			sourceTree = "<group>";
		};
		09B66EDD2C21716C0070BF4A /* Products */ = {
			isa = PBXGroup;
			children = (
				09B66EDC2C21716C0070BF4A /* NC2-RinZero Watch App.app */,
			);
			name = Products;
			sourceTree = "<group>";
		};
		09B66EDE2C21716C0070BF4A /* NC2-RinZero Watch App */ = {
			isa = PBXGroup;
			children = (
				09B66EF32C2175AF0070BF4A /* Constant */,
				09B66EEF2C2174370070BF4A /* View */,
				09B66EEE2C21742F0070BF4A /* Resource */,
				09B66EED2C2174240070BF4A /* App */,
				09B66EE52C21716D0070BF4A /* Preview Content */,
			);
			path = "NC2-RinZero Watch App";
			sourceTree = "<group>";
		};
		09B66EE52C21716D0070BF4A /* Preview Content */ = {
			isa = PBXGroup;
			children = (
				09B66EE62C21716D0070BF4A /* Preview Assets.xcassets */,
			);
			path = "Preview Content";
			sourceTree = "<group>";
		};
		09B66EED2C2174240070BF4A /* App */ = {
			isa = PBXGroup;
			children = (
				09B66EDF2C21716C0070BF4A /* NC2_RinZeroApp.swift */,
			);
			path = App;
			sourceTree = "<group>";
		};
		09B66EEE2C21742F0070BF4A /* Resource */ = {
			isa = PBXGroup;
			children = (
				09B66EE32C21716D0070BF4A /* Assets.xcassets */,
			);
			path = Resource;
			sourceTree = "<group>";
		};
		09B66EEF2C2174370070BF4A /* View */ = {
			isa = PBXGroup;
			children = (
				09B66EE12C21716C0070BF4A /* ContentView.swift */,
			);
			path = View;
			sourceTree = "<group>";
		};
		09B66EF32C2175AF0070BF4A /* Constant */ = {
			isa = PBXGroup;
			children = (
				09B66EF42C2175B90070BF4A /* Color.swift */,
			);
			path = Constant;
			sourceTree = "<group>";
		};
/* End PBXGroup section */

/* Begin PBXNativeTarget section */
		09B66EDB2C21716C0070BF4A /* NC2-RinZero Watch App */ = {
			isa = PBXNativeTarget;
			buildConfigurationList = 09B66EEA2C21716D0070BF4A /* Build configuration list for PBXNativeTarget "NC2-RinZero Watch App" */;
			buildPhases = (
				09B66ED82C21716C0070BF4A /* Sources */,
				09B66ED92C21716C0070BF4A /* Frameworks */,
				09B66EDA2C21716C0070BF4A /* Resources */,
			);
			buildRules = (
			);
			dependencies = (
			);
			name = "NC2-RinZero Watch App";
			productName = "NC2-RinZero Watch App";
			productReference = 09B66EDC2C21716C0070BF4A /* NC2-RinZero Watch App.app */;
			productType = "com.apple.product-type.application";
		};
/* End PBXNativeTarget section */

/* Begin PBXProject section */
		09B66ED42C21716B0070BF4A /* Project object */ = {
			isa = PBXProject;
			attributes = {
				BuildIndependentTargetsInParallel = 1;
				LastSwiftUpdateCheck = 1540;
				LastUpgradeCheck = 1540;
				TargetAttributes = {
					09B66EDB2C21716C0070BF4A = {
						CreatedOnToolsVersion = 15.4;
					};
				};
			};
			buildConfigurationList = 09B66ED72C21716B0070BF4A /* Build configuration list for PBXProject "NC2-RinZero" */;
			compatibilityVersion = "Xcode 14.0";
			developmentRegion = en;
			hasScannedForEncodings = 0;
			knownRegions = (
				en,
				Base,
			);
			mainGroup = 09B66ED32C21716B0070BF4A;
			productRefGroup = 09B66EDD2C21716C0070BF4A /* Products */;
			projectDirPath = "";
			projectRoot = "";
			targets = (
				09B66EDB2C21716C0070BF4A /* NC2-RinZero Watch App */,
			);
		};
/* End PBXProject section */

/* Begin PBXResourcesBuildPhase section */
		09B66EDA2C21716C0070BF4A /* Resources */ = {
			isa = PBXResourcesBuildPhase;
			buildActionMask = 2147483647;
			files = (
				09B66EE72C21716D0070BF4A /* Preview Assets.xcassets in Resources */,
				09B66EE42C21716D0070BF4A /* Assets.xcassets in Resources */,
			);
			runOnlyForDeploymentPostprocessing = 0;
		};
/* End PBXResourcesBuildPhase section */

/* Begin PBXSourcesBuildPhase section */
		09B66ED82C21716C0070BF4A /* Sources */ = {
			isa = PBXSourcesBuildPhase;
			buildActionMask = 2147483647;
			files = (
				09B66EE22C21716C0070BF4A /* ContentView.swift in Sources */,
				09B66EE02C21716C0070BF4A /* NC2_RinZeroApp.swift in Sources */,
				09B66EF52C2175B90070BF4A /* Color.swift in Sources */,
			);
			runOnlyForDeploymentPostprocessing = 0;
		};
/* End PBXSourcesBuildPhase section */

/* Begin XCBuildConfiguration section */
		09B66EE82C21716D0070BF4A /* Debug */ = {
			isa = XCBuildConfiguration;
			buildSettings = {
				ALWAYS_SEARCH_USER_PATHS = NO;
				ASSETCATALOG_COMPILER_GENERATE_SWIFT_ASSET_SYMBOL_EXTENSIONS = YES;
				CLANG_ANALYZER_NONNULL = YES;
				CLANG_ANALYZER_NUMBER_OBJECT_CONVERSION = YES_AGGRESSIVE;
				CLANG_CXX_LANGUAGE_STANDARD = "gnu++20";
				CLANG_ENABLE_MODULES = YES;
				CLANG_ENABLE_OBJC_ARC = YES;
				CLANG_ENABLE_OBJC_WEAK = YES;
				CLANG_WARN_BLOCK_CAPTURE_AUTORELEASING = YES;
				CLANG_WARN_BOOL_CONVERSION = YES;
				CLANG_WARN_COMMA = YES;
				CLANG_WARN_CONSTANT_CONVERSION = YES;
				CLANG_WARN_DEPRECATED_OBJC_IMPLEMENTATIONS = YES;
				CLANG_WARN_DIRECT_OBJC_ISA_USAGE = YES_ERROR;
				CLANG_WARN_DOCUMENTATION_COMMENTS = YES;
				CLANG_WARN_EMPTY_BODY = YES;
				CLANG_WARN_ENUM_CONVERSION = YES;
				CLANG_WARN_INFINITE_RECURSION = YES;
				CLANG_WARN_INT_CONVERSION = YES;
				CLANG_WARN_NON_LITERAL_NULL_CONVERSION = YES;
				CLANG_WARN_OBJC_IMPLICIT_RETAIN_SELF = YES;
				CLANG_WARN_OBJC_LITERAL_CONVERSION = YES;
				CLANG_WARN_OBJC_ROOT_CLASS = YES_ERROR;
				CLANG_WARN_QUOTED_INCLUDE_IN_FRAMEWORK_HEADER = YES;
				CLANG_WARN_RANGE_LOOP_ANALYSIS = YES;
				CLANG_WARN_STRICT_PROTOTYPES = YES;
				CLANG_WARN_SUSPICIOUS_MOVE = YES;
				CLANG_WARN_UNGUARDED_AVAILABILITY = YES_AGGRESSIVE;
				CLANG_WARN_UNREACHABLE_CODE = YES;
				CLANG_WARN__DUPLICATE_METHOD_MATCH = YES;
				COPY_PHASE_STRIP = NO;
				DEBUG_INFORMATION_FORMAT = dwarf;
				ENABLE_STRICT_OBJC_MSGSEND = YES;
				ENABLE_TESTABILITY = YES;
				ENABLE_USER_SCRIPT_SANDBOXING = YES;
				GCC_C_LANGUAGE_STANDARD = gnu17;
				GCC_DYNAMIC_NO_PIC = NO;
				GCC_NO_COMMON_BLOCKS = YES;
				GCC_OPTIMIZATION_LEVEL = 0;
				GCC_PREPROCESSOR_DEFINITIONS = (
					"DEBUG=1",
					"$(inherited)",
				);
				GCC_WARN_64_TO_32_BIT_CONVERSION = YES;
				GCC_WARN_ABOUT_RETURN_TYPE = YES_ERROR;
				GCC_WARN_UNDECLARED_SELECTOR = YES;
				GCC_WARN_UNINITIALIZED_AUTOS = YES_AGGRESSIVE;
				GCC_WARN_UNUSED_FUNCTION = YES;
				GCC_WARN_UNUSED_VARIABLE = YES;
				LOCALIZATION_PREFERS_STRING_CATALOGS = YES;
				MTL_ENABLE_DEBUG_INFO = INCLUDE_SOURCE;
				MTL_FAST_MATH = YES;
				ONLY_ACTIVE_ARCH = YES;
				SWIFT_ACTIVE_COMPILATION_CONDITIONS = "DEBUG $(inherited)";
				SWIFT_OPTIMIZATION_LEVEL = "-Onone";
			};
			name = Debug;
		};
		09B66EE92C21716D0070BF4A /* Release */ = {
			isa = XCBuildConfiguration;
			buildSettings = {
				ALWAYS_SEARCH_USER_PATHS = NO;
				ASSETCATALOG_COMPILER_GENERATE_SWIFT_ASSET_SYMBOL_EXTENSIONS = YES;
				CLANG_ANALYZER_NONNULL = YES;
				CLANG_ANALYZER_NUMBER_OBJECT_CONVERSION = YES_AGGRESSIVE;
				CLANG_CXX_LANGUAGE_STANDARD = "gnu++20";
				CLANG_ENABLE_MODULES = YES;
				CLANG_ENABLE_OBJC_ARC = YES;
				CLANG_ENABLE_OBJC_WEAK = YES;
				CLANG_WARN_BLOCK_CAPTURE_AUTORELEASING = YES;
				CLANG_WARN_BOOL_CONVERSION = YES;
				CLANG_WARN_COMMA = YES;
				CLANG_WARN_CONSTANT_CONVERSION = YES;
				CLANG_WARN_DEPRECATED_OBJC_IMPLEMENTATIONS = YES;
				CLANG_WARN_DIRECT_OBJC_ISA_USAGE = YES_ERROR;
				CLANG_WARN_DOCUMENTATION_COMMENTS = YES;
				CLANG_WARN_EMPTY_BODY = YES;
				CLANG_WARN_ENUM_CONVERSION = YES;
				CLANG_WARN_INFINITE_RECURSION = YES;
				CLANG_WARN_INT_CONVERSION = YES;
				CLANG_WARN_NON_LITERAL_NULL_CONVERSION = YES;
				CLANG_WARN_OBJC_IMPLICIT_RETAIN_SELF = YES;
				CLANG_WARN_OBJC_LITERAL_CONVERSION = YES;
				CLANG_WARN_OBJC_ROOT_CLASS = YES_ERROR;
				CLANG_WARN_QUOTED_INCLUDE_IN_FRAMEWORK_HEADER = YES;
				CLANG_WARN_RANGE_LOOP_ANALYSIS = YES;
				CLANG_WARN_STRICT_PROTOTYPES = YES;
				CLANG_WARN_SUSPICIOUS_MOVE = YES;
				CLANG_WARN_UNGUARDED_AVAILABILITY = YES_AGGRESSIVE;
				CLANG_WARN_UNREACHABLE_CODE = YES;
				CLANG_WARN__DUPLICATE_METHOD_MATCH = YES;
				COPY_PHASE_STRIP = NO;
				DEBUG_INFORMATION_FORMAT = "dwarf-with-dsym";
				ENABLE_NS_ASSERTIONS = NO;
				ENABLE_STRICT_OBJC_MSGSEND = YES;
				ENABLE_USER_SCRIPT_SANDBOXING = YES;
				GCC_C_LANGUAGE_STANDARD = gnu17;
				GCC_NO_COMMON_BLOCKS = YES;
				GCC_WARN_64_TO_32_BIT_CONVERSION = YES;
				GCC_WARN_ABOUT_RETURN_TYPE = YES_ERROR;
				GCC_WARN_UNDECLARED_SELECTOR = YES;
				GCC_WARN_UNINITIALIZED_AUTOS = YES_AGGRESSIVE;
				GCC_WARN_UNUSED_FUNCTION = YES;
				GCC_WARN_UNUSED_VARIABLE = YES;
				LOCALIZATION_PREFERS_STRING_CATALOGS = YES;
				MTL_ENABLE_DEBUG_INFO = NO;
				MTL_FAST_MATH = YES;
				SWIFT_COMPILATION_MODE = wholemodule;
			};
			name = Release;
		};
		09B66EEB2C21716D0070BF4A /* Debug */ = {
			isa = XCBuildConfiguration;
			buildSettings = {
				ASSETCATALOG_COMPILER_APPICON_NAME = AppIcon;
				ASSETCATALOG_COMPILER_GLOBAL_ACCENT_COLOR_NAME = AccentColor;
				CODE_SIGN_STYLE = Automatic;
				CURRENT_PROJECT_VERSION = 1;
				DEVELOPMENT_ASSET_PATHS = "\"NC2-RinZero Watch App/Preview Content\"";
				DEVELOPMENT_TEAM = S4QBFVSVQJ;
				ENABLE_PREVIEWS = YES;
				GENERATE_INFOPLIST_FILE = YES;
				INFOPLIST_KEY_CFBundleDisplayName = "NC2-RinZero";
				INFOPLIST_KEY_UISupportedInterfaceOrientations = "UIInterfaceOrientationPortrait UIInterfaceOrientationPortraitUpsideDown";
				INFOPLIST_KEY_WKCompanionAppBundleIdentifier = "";
				LD_RUNPATH_SEARCH_PATHS = (
					"$(inherited)",
					"@executable_path/Frameworks",
				);
				MARKETING_VERSION = 1.0;
				PRODUCT_BUNDLE_IDENTIFIER = .watchkitapp;
				PRODUCT_NAME = "$(TARGET_NAME)";
				SDKROOT = watchos;
				SKIP_INSTALL = YES;
				SWIFT_EMIT_LOC_STRINGS = YES;
				SWIFT_VERSION = 5.0;
				TARGETED_DEVICE_FAMILY = 4;
				WATCHOS_DEPLOYMENT_TARGET = 10.5;
			};
			name = Debug;
		};
		09B66EEC2C21716D0070BF4A /* Release */ = {
			isa = XCBuildConfiguration;
			buildSettings = {
				ASSETCATALOG_COMPILER_APPICON_NAME = AppIcon;
				ASSETCATALOG_COMPILER_GLOBAL_ACCENT_COLOR_NAME = AccentColor;
				CODE_SIGN_STYLE = Automatic;
				CURRENT_PROJECT_VERSION = 1;
				DEVELOPMENT_ASSET_PATHS = "\"NC2-RinZero Watch App/Preview Content\"";
				DEVELOPMENT_TEAM = S4QBFVSVQJ;
				ENABLE_PREVIEWS = YES;
				GENERATE_INFOPLIST_FILE = YES;
				INFOPLIST_KEY_CFBundleDisplayName = "NC2-RinZero";
				INFOPLIST_KEY_UISupportedInterfaceOrientations = "UIInterfaceOrientationPortrait UIInterfaceOrientationPortraitUpsideDown";
				INFOPLIST_KEY_WKCompanionAppBundleIdentifier = "";
				LD_RUNPATH_SEARCH_PATHS = (
					"$(inherited)",
					"@executable_path/Frameworks",
				);
				MARKETING_VERSION = 1.0;
				PRODUCT_BUNDLE_IDENTIFIER = .watchkitapp;
				PRODUCT_NAME = "$(TARGET_NAME)";
				SDKROOT = watchos;
				SKIP_INSTALL = YES;
				SWIFT_EMIT_LOC_STRINGS = YES;
				SWIFT_VERSION = 5.0;
				TARGETED_DEVICE_FAMILY = 4;
				VALIDATE_PRODUCT = YES;
				WATCHOS_DEPLOYMENT_TARGET = 10.5;
			};
			name = Release;
		};
/* End XCBuildConfiguration section */

/* Begin XCConfigurationList section */
		09B66ED72C21716B0070BF4A /* Build configuration list for PBXProject "NC2-RinZero" */ = {
			isa = XCConfigurationList;
			buildConfigurations = (
				09B66EE82C21716D0070BF4A /* Debug */,
				09B66EE92C21716D0070BF4A /* Release */,
			);
			defaultConfigurationIsVisible = 0;
			defaultConfigurationName = Release;
		};
		09B66EEA2C21716D0070BF4A /* Build configuration list for PBXNativeTarget "NC2-RinZero Watch App" */ = {
			isa = XCConfigurationList;
			buildConfigurations = (
				09B66EEB2C21716D0070BF4A /* Debug */,
				09B66EEC2C21716D0070BF4A /* Release */,
			);
			defaultConfigurationIsVisible = 0;
			defaultConfigurationName = Release;
		};
/* End XCConfigurationList section */
	};
	rootObject = 09B66ED42C21716B0070BF4A /* Project object */;
}
